{
  "name": "Supply Chain Sentinel",
  "lockfileVersion": 3,
  "requires": true,
  "packages": {
    "": {
      "dependencies": {
        "benign-logger": "file:artifacts/sentinel-7qtwfp2f/tarballs/benign-logger-1.0.0.tgz",
        "left-pad": "file:artifacts/sentinel-nmapsbp8/tarballs/left-pad-1.3.0.tgz"
      }
    },
    "node_modules/benign-logger": {
      "version": "1.0.0",
      "resolved": "file:artifacts/sentinel-7qtwfp2f/tarballs/benign-logger-1.0.0.tgz",
      "integrity": "sha512-n/GSXfZBOTCiPlpuyhb+Bqx/xHNHxUyxBvHuC5oXKt/YOJhwOMLx9nS5nF3sqguQTA8DY0DesKVSVYwL5QwmfA==",
      "license": "MIT"
    },
    "node_modules/left-pad": {
      "version": "1.3.0",
      "resolved": "file:artifacts/sentinel-nmapsbp8/tarballs/left-pad-1.3.0.tgz",
      "integrity": "sha512-XI5MPzVNApjAyhQzphX8BkmKsKUxD4LdyK24iZeQGinBN9yTQT3bFlCBy/aVx2HrNcqQGsdot8ghrjyrvMCoEA==",
      "license": "WTFPL"
    }
  }
}
